
Microsoft Visual Studio Solution File, Format Version 12.00
# Visual Studio Version 17
VisualStudioVersion = 17.1.32210.238
MinimumVisualStudioVersion = 10.0.40219.1
Project("{00D1A9C2-B5F0-4AF3-8072-F6C62B433612}") = "AAPS.L10nPortal.Database.Schema", "AAPS.L10nPortal.Database.Schema\AAPS.L10nPortal.Database.Schema.sqlproj", "{1B9AE975-2CF7-4E81-ACF3-FE6821EBFBC2}"
EndProject
Project("{2150E333-8FDC-42A3-9474-1A3956D46DE8}") = "Database", "Database", "{D17B3CB5-58D2-40E4-969E-DF8A2FD94E62}"
EndProject
Project("{00D1A9C2-B5F0-4AF3-8072-F6C62B433612}") = "AAPS.L10nPortal.Database.Publish", "AAPS.L10nPortal.Database.Publish\AAPS.L10nPortal.Database.Publish.sqlproj", "{F62B2987-987E-408B-A82B-B6A14C866EFE}"
EndProject
Project("{9A19103F-16F7-4668-BE54-9A1E7A4F7556}") = "AAPS.L10nPortal.Web", "AAPS.L10nPortal.Web\AAPS.L10nPortal.Web.csproj", "{C1C67E03-56AE-45CB-B673-8991C09CC8D8}"
EndProject
Project("{9A19103F-16F7-4668-BE54-9A1E7A4F7556}") = "AAPS.L10nPortal.Bal", "AAPS.L10nPortal.Bal\AAPS.L10nPortal.Bal.csproj", "{2BE2996F-6EF3-4450-9742-45CCB8231660}"
EndProject
Project("{9A19103F-16F7-4668-BE54-9A1E7A4F7556}") = "AAPS.L10NPortal.Common", "AAPS.L10NPortal.Common\AAPS.L10NPortal.Common.csproj", "{FB16D15E-E81F-4754-9B82-3B505439904E}"
EndProject
Project("{9A19103F-16F7-4668-BE54-9A1E7A4F7556}") = "AAPS.L10nPortal.Entities", "AAPS.L10nPortal.Entities\AAPS.L10nPortal.Entities.csproj", "{C2C6917C-1EB8-43CB-9EC9-94A59A199048}"
EndProject
Project("{9A19103F-16F7-4668-BE54-9A1E7A4F7556}") = "AAPS.L10nPortal.Contracts", "AAPS.L10nPortal.Contracts\AAPS.L10nPortal.Contracts.csproj", "{285A1F77-8982-4C8B-B8AB-51AB6FDD0D2F}"
EndProject
Project("{9A19103F-16F7-4668-BE54-9A1E7A4F7556}") = "AAPS.L10nPortal.Dal", "AAPS.L10nPortal.Dal\AAPS.L10nPortal.Dal.csproj", "{97BFD685-6297-43E0-BAC7-405E805B8323}"
EndProject
Project("{9A19103F-16F7-4668-BE54-9A1E7A4F7556}") = "AAPS.L10nPortal.Secrets", "AAPS.L10nPortal.Secrets\AAPS.L10nPortal.Secrets.csproj", "{A4FC25C0-7584-4DFB-AB41-EC2AEC5A119C}"
EndProject
Project("{9A19103F-16F7-4668-BE54-9A1E7A4F7556}") = "L10N.API.BAL", "L10N.API.BAL\L10N.API.BAL.csproj", "{596C818A-F301-4358-B179-3391CDFB66E3}"
EndProject
Project("{9A19103F-16F7-4668-BE54-9A1E7A4F7556}") = "L10N.API.Common", "L10N.API.Common\L10N.API.Common.csproj", "{CD95C469-82B9-4AB1-A555-F4F96CBEC50C}"
EndProject
Project("{9A19103F-16F7-4668-BE54-9A1E7A4F7556}") = "L10N.API.Contracts", "L10N.API.Contracts\L10N.API.Contracts.csproj", "{9D4508D6-CA4A-4B6C-B5B1-125843BFD4AC}"
EndProject
Project("{9A19103F-16F7-4668-BE54-9A1E7A4F7556}") = "L10N.API.DB.Schema", "L10N.API.DB.Schema\L10N.API.DB.Schema.csproj", "{00770265-E023-4A06-93D2-EFD07EF0FC5E}"
EndProject
Project("{9A19103F-16F7-4668-BE54-9A1E7A4F7556}") = "L10N.API.Model", "L10N.API.Model\L10N.API.Model.csproj", "{A1EBEAD1-2BD2-443D-AF40-69469CF0300E}"
EndProject
Project("{9A19103F-16F7-4668-BE54-9A1E7A4F7556}") = "L10N.API.Secrets", "L10N.API.Secrets\L10N.API.Secrets.csproj", "{43CA318A-A958-4B6C-9134-F745093D3F5A}"
EndProject
Project("{9A19103F-16F7-4668-BE54-9A1E7A4F7556}") = "L10N.API.SyncFunction.BAL", "L10N.API.SyncFunction.BAL\L10N.API.SyncFunction.BAL.csproj", "{756A1B8E-B2EC-4EA1-A143-25083018E5BD}"
EndProject
Project("{9A19103F-16F7-4668-BE54-9A1E7A4F7556}") = "L10N.API.SyncFunction.DAL", "L10N.API.SyncFunction.DAL\L10N.API.SyncFunction.DAL.csproj", "{29DBB635-1319-4E50-BA83-5397C61D9924}"
EndProject
Project("{9A19103F-16F7-4668-BE54-9A1E7A4F7556}") = "L10N.API.SyncFunction.Model", "L10N.API.SyncFunction.Model\L10N.API.SyncFunction.Model.csproj", "{3F92E0E9-511D-468A-BDA2-E4BC62F8001F}"
EndProject
Project("{9A19103F-16F7-4668-BE54-9A1E7A4F7556}") = "L10n.Web.API", "L10n.Web.API\L10n.Web.API.csproj", "{9E0B26C2-D41B-482D-A886-1C7320DB2DA1}"
EndProject
Project("{9A19103F-16F7-4668-BE54-9A1E7A4F7556}") = "L10N.API.SyncFunction", "L10N.API.SyncFunction\L10N.API.SyncFunction.csproj", "{9967B360-333F-4E8E-9566-B9CA15C6B13B}"
EndProject
Project("{9A19103F-16F7-4668-BE54-9A1E7A4F7556}") = "L10N.API.SyncFunction.Secret", "L10N.API.SyncFunction.Secret\L10N.API.SyncFunction.Secret.csproj", "{1B5E7763-27D5-46A4-B85F-CDAC5318BEEB}"
EndProject
Project("{9A19103F-16F7-4668-BE54-9A1E7A4F7556}") = "L10n.Web.API.Tests", "L10n.Web.API.Tests\L10n.Web.API.Tests.csproj", "{8ECDC25F-4E01-480A-8D8F-72FB397E61B8}"
EndProject
Project("{9A19103F-16F7-4668-BE54-9A1E7A4F7556}") = "AAPS.L10nPortal.FunctionAPI", "AAPS.L10nPortal.FunctionAPI\AAPS.L10nPortal.FunctionAPI.csproj", "{50173A83-1B95-4F0A-A4B6-73B9A57FAD75}"
EndProject
Global
	GlobalSection(SolutionConfigurationPlatforms) = preSolution
		Debug|Any CPU = Debug|Any CPU
		Local|Any CPU = Local|Any CPU
		Release|Any CPU = Release|Any CPU
	EndGlobalSection
	GlobalSection(ProjectConfigurationPlatforms) = postSolution
		{1B9AE975-2CF7-4E81-ACF3-FE6821EBFBC2}.Debug|Any CPU.ActiveCfg = Debug|Any CPU
		{1B9AE975-2CF7-4E81-ACF3-FE6821EBFBC2}.Debug|Any CPU.Build.0 = Debug|Any CPU
		{1B9AE975-2CF7-4E81-ACF3-FE6821EBFBC2}.Debug|Any CPU.Deploy.0 = Debug|Any CPU
		{1B9AE975-2CF7-4E81-ACF3-FE6821EBFBC2}.Local|Any CPU.ActiveCfg = Debug|Any CPU
		{1B9AE975-2CF7-4E81-ACF3-FE6821EBFBC2}.Local|Any CPU.Build.0 = Debug|Any CPU
		{1B9AE975-2CF7-4E81-ACF3-FE6821EBFBC2}.Local|Any CPU.Deploy.0 = Debug|Any CPU
		{1B9AE975-2CF7-4E81-ACF3-FE6821EBFBC2}.Release|Any CPU.ActiveCfg = Debug|Any CPU
		{1B9AE975-2CF7-4E81-ACF3-FE6821EBFBC2}.Release|Any CPU.Build.0 = Debug|Any CPU
		{1B9AE975-2CF7-4E81-ACF3-FE6821EBFBC2}.Release|Any CPU.Deploy.0 = Debug|Any CPU
		{F62B2987-987E-408B-A82B-B6A14C866EFE}.Debug|Any CPU.ActiveCfg = Debug|Any CPU
		{F62B2987-987E-408B-A82B-B6A14C866EFE}.Debug|Any CPU.Build.0 = Debug|Any CPU
		{F62B2987-987E-408B-A82B-B6A14C866EFE}.Debug|Any CPU.Deploy.0 = Debug|Any CPU
		{F62B2987-987E-408B-A82B-B6A14C866EFE}.Local|Any CPU.ActiveCfg = Debug|Any CPU
		{F62B2987-987E-408B-A82B-B6A14C866EFE}.Local|Any CPU.Build.0 = Debug|Any CPU
		{F62B2987-987E-408B-A82B-B6A14C866EFE}.Local|Any CPU.Deploy.0 = Debug|Any CPU
		{F62B2987-987E-408B-A82B-B6A14C866EFE}.Release|Any CPU.ActiveCfg = Debug|Any CPU
		{F62B2987-987E-408B-A82B-B6A14C866EFE}.Release|Any CPU.Build.0 = Debug|Any CPU
		{F62B2987-987E-408B-A82B-B6A14C866EFE}.Release|Any CPU.Deploy.0 = Debug|Any CPU
		{C1C67E03-56AE-45CB-B673-8991C09CC8D8}.Debug|Any CPU.ActiveCfg = Debug|Any CPU
		{C1C67E03-56AE-45CB-B673-8991C09CC8D8}.Debug|Any CPU.Build.0 = Debug|Any CPU
		{C1C67E03-56AE-45CB-B673-8991C09CC8D8}.Local|Any CPU.ActiveCfg = Local|Any CPU
		{C1C67E03-56AE-45CB-B673-8991C09CC8D8}.Local|Any CPU.Build.0 = Local|Any CPU
		{C1C67E03-56AE-45CB-B673-8991C09CC8D8}.Release|Any CPU.ActiveCfg = Release|Any CPU
		{C1C67E03-56AE-45CB-B673-8991C09CC8D8}.Release|Any CPU.Build.0 = Release|Any CPU
		{2BE2996F-6EF3-4450-9742-45CCB8231660}.Debug|Any CPU.ActiveCfg = Debug|Any CPU
		{2BE2996F-6EF3-4450-9742-45CCB8231660}.Debug|Any CPU.Build.0 = Debug|Any CPU
		{2BE2996F-6EF3-4450-9742-45CCB8231660}.Local|Any CPU.ActiveCfg = Local|Any CPU
		{2BE2996F-6EF3-4450-9742-45CCB8231660}.Local|Any CPU.Build.0 = Local|Any CPU
		{2BE2996F-6EF3-4450-9742-45CCB8231660}.Release|Any CPU.ActiveCfg = Release|Any CPU
		{2BE2996F-6EF3-4450-9742-45CCB8231660}.Release|Any CPU.Build.0 = Release|Any CPU
		{FB16D15E-E81F-4754-9B82-3B505439904E}.Debug|Any CPU.ActiveCfg = Debug|Any CPU
		{FB16D15E-E81F-4754-9B82-3B505439904E}.Debug|Any CPU.Build.0 = Debug|Any CPU
		{FB16D15E-E81F-4754-9B82-3B505439904E}.Local|Any CPU.ActiveCfg = Debug|Any CPU
		{FB16D15E-E81F-4754-9B82-3B505439904E}.Local|Any CPU.Build.0 = Debug|Any CPU
		{FB16D15E-E81F-4754-9B82-3B505439904E}.Release|Any CPU.ActiveCfg = Release|Any CPU
		{FB16D15E-E81F-4754-9B82-3B505439904E}.Release|Any CPU.Build.0 = Release|Any CPU
		{C2C6917C-1EB8-43CB-9EC9-94A59A199048}.Debug|Any CPU.ActiveCfg = Debug|Any CPU
		{C2C6917C-1EB8-43CB-9EC9-94A59A199048}.Debug|Any CPU.Build.0 = Debug|Any CPU
		{C2C6917C-1EB8-43CB-9EC9-94A59A199048}.Local|Any CPU.ActiveCfg = Debug|Any CPU
		{C2C6917C-1EB8-43CB-9EC9-94A59A199048}.Local|Any CPU.Build.0 = Debug|Any CPU
		{C2C6917C-1EB8-43CB-9EC9-94A59A199048}.Release|Any CPU.ActiveCfg = Release|Any CPU
		{C2C6917C-1EB8-43CB-9EC9-94A59A199048}.Release|Any CPU.Build.0 = Release|Any CPU
		{285A1F77-8982-4C8B-B8AB-51AB6FDD0D2F}.Debug|Any CPU.ActiveCfg = Debug|Any CPU
		{285A1F77-8982-4C8B-B8AB-51AB6FDD0D2F}.Debug|Any CPU.Build.0 = Debug|Any CPU
		{285A1F77-8982-4C8B-B8AB-51AB6FDD0D2F}.Local|Any CPU.ActiveCfg = Debug|Any CPU
		{285A1F77-8982-4C8B-B8AB-51AB6FDD0D2F}.Local|Any CPU.Build.0 = Debug|Any CPU
		{285A1F77-8982-4C8B-B8AB-51AB6FDD0D2F}.Release|Any CPU.ActiveCfg = Release|Any CPU
		{285A1F77-8982-4C8B-B8AB-51AB6FDD0D2F}.Release|Any CPU.Build.0 = Release|Any CPU
		{97BFD685-6297-43E0-BAC7-405E805B8323}.Debug|Any CPU.ActiveCfg = Debug|Any CPU
		{97BFD685-6297-43E0-BAC7-405E805B8323}.Debug|Any CPU.Build.0 = Debug|Any CPU
		{97BFD685-6297-43E0-BAC7-405E805B8323}.Local|Any CPU.ActiveCfg = Debug|Any CPU
		{97BFD685-6297-43E0-BAC7-405E805B8323}.Local|Any CPU.Build.0 = Debug|Any CPU
		{97BFD685-6297-43E0-BAC7-405E805B8323}.Release|Any CPU.ActiveCfg = Release|Any CPU
		{97BFD685-6297-43E0-BAC7-405E805B8323}.Release|Any CPU.Build.0 = Release|Any CPU
		{A4FC25C0-7584-4DFB-AB41-EC2AEC5A119C}.Debug|Any CPU.ActiveCfg = Debug|Any CPU
		{A4FC25C0-7584-4DFB-AB41-EC2AEC5A119C}.Debug|Any CPU.Build.0 = Debug|Any CPU
		{A4FC25C0-7584-4DFB-AB41-EC2AEC5A119C}.Local|Any CPU.ActiveCfg = Debug|Any CPU
		{A4FC25C0-7584-4DFB-AB41-EC2AEC5A119C}.Local|Any CPU.Build.0 = Debug|Any CPU
		{A4FC25C0-7584-4DFB-AB41-EC2AEC5A119C}.Release|Any CPU.ActiveCfg = Release|Any CPU
		{A4FC25C0-7584-4DFB-AB41-EC2AEC5A119C}.Release|Any CPU.Build.0 = Release|Any CPU
		{596C818A-F301-4358-B179-3391CDFB66E3}.Debug|Any CPU.ActiveCfg = Debug|Any CPU
		{596C818A-F301-4358-B179-3391CDFB66E3}.Debug|Any CPU.Build.0 = Debug|Any CPU
		{596C818A-F301-4358-B179-3391CDFB66E3}.Local|Any CPU.ActiveCfg = Local|Any CPU
		{596C818A-F301-4358-B179-3391CDFB66E3}.Local|Any CPU.Build.0 = Local|Any CPU
		{596C818A-F301-4358-B179-3391CDFB66E3}.Release|Any CPU.ActiveCfg = Release|Any CPU
		{596C818A-F301-4358-B179-3391CDFB66E3}.Release|Any CPU.Build.0 = Release|Any CPU
		{CD95C469-82B9-4AB1-A555-F4F96CBEC50C}.Debug|Any CPU.ActiveCfg = Debug|Any CPU
		{CD95C469-82B9-4AB1-A555-F4F96CBEC50C}.Debug|Any CPU.Build.0 = Debug|Any CPU
		{CD95C469-82B9-4AB1-A555-F4F96CBEC50C}.Local|Any CPU.ActiveCfg = Debug|Any CPU
		{CD95C469-82B9-4AB1-A555-F4F96CBEC50C}.Local|Any CPU.Build.0 = Debug|Any CPU
		{CD95C469-82B9-4AB1-A555-F4F96CBEC50C}.Release|Any CPU.ActiveCfg = Release|Any CPU
		{CD95C469-82B9-4AB1-A555-F4F96CBEC50C}.Release|Any CPU.Build.0 = Release|Any CPU
		{9D4508D6-CA4A-4B6C-B5B1-125843BFD4AC}.Debug|Any CPU.ActiveCfg = Debug|Any CPU
		{9D4508D6-CA4A-4B6C-B5B1-125843BFD4AC}.Debug|Any CPU.Build.0 = Debug|Any CPU
		{9D4508D6-CA4A-4B6C-B5B1-125843BFD4AC}.Local|Any CPU.ActiveCfg = Debug|Any CPU
		{9D4508D6-CA4A-4B6C-B5B1-125843BFD4AC}.Local|Any CPU.Build.0 = Debug|Any CPU
		{9D4508D6-CA4A-4B6C-B5B1-125843BFD4AC}.Release|Any CPU.ActiveCfg = Release|Any CPU
		{9D4508D6-CA4A-4B6C-B5B1-125843BFD4AC}.Release|Any CPU.Build.0 = Release|Any CPU
		{00770265-E023-4A06-93D2-EFD07EF0FC5E}.Debug|Any CPU.ActiveCfg = Debug|Any CPU
		{00770265-E023-4A06-93D2-EFD07EF0FC5E}.Debug|Any CPU.Build.0 = Debug|Any CPU
		{00770265-E023-4A06-93D2-EFD07EF0FC5E}.Local|Any CPU.ActiveCfg = Debug|Any CPU
		{00770265-E023-4A06-93D2-EFD07EF0FC5E}.Local|Any CPU.Build.0 = Debug|Any CPU
		{00770265-E023-4A06-93D2-EFD07EF0FC5E}.Release|Any CPU.ActiveCfg = Release|Any CPU
		{00770265-E023-4A06-93D2-EFD07EF0FC5E}.Release|Any CPU.Build.0 = Release|Any CPU
		{A1EBEAD1-2BD2-443D-AF40-69469CF0300E}.Debug|Any CPU.ActiveCfg = Debug|Any CPU
		{A1EBEAD1-2BD2-443D-AF40-69469CF0300E}.Debug|Any CPU.Build.0 = Debug|Any CPU
		{A1EBEAD1-2BD2-443D-AF40-69469CF0300E}.Local|Any CPU.ActiveCfg = Debug|Any CPU
		{A1EBEAD1-2BD2-443D-AF40-69469CF0300E}.Local|Any CPU.Build.0 = Debug|Any CPU
		{A1EBEAD1-2BD2-443D-AF40-69469CF0300E}.Release|Any CPU.ActiveCfg = Release|Any CPU
		{A1EBEAD1-2BD2-443D-AF40-69469CF0300E}.Release|Any CPU.Build.0 = Release|Any CPU
		{43CA318A-A958-4B6C-9134-F745093D3F5A}.Debug|Any CPU.ActiveCfg = Debug|Any CPU
		{43CA318A-A958-4B6C-9134-F745093D3F5A}.Debug|Any CPU.Build.0 = Debug|Any CPU
		{43CA318A-A958-4B6C-9134-F745093D3F5A}.Local|Any CPU.ActiveCfg = Debug|Any CPU
		{43CA318A-A958-4B6C-9134-F745093D3F5A}.Local|Any CPU.Build.0 = Debug|Any CPU
		{43CA318A-A958-4B6C-9134-F745093D3F5A}.Release|Any CPU.ActiveCfg = Release|Any CPU
		{43CA318A-A958-4B6C-9134-F745093D3F5A}.Release|Any CPU.Build.0 = Release|Any CPU
		{756A1B8E-B2EC-4EA1-A143-25083018E5BD}.Debug|Any CPU.ActiveCfg = Debug|Any CPU
		{756A1B8E-B2EC-4EA1-A143-25083018E5BD}.Debug|Any CPU.Build.0 = Debug|Any CPU
		{756A1B8E-B2EC-4EA1-A143-25083018E5BD}.Local|Any CPU.ActiveCfg = Local|Any CPU
		{756A1B8E-B2EC-4EA1-A143-25083018E5BD}.Local|Any CPU.Build.0 = Local|Any CPU
		{756A1B8E-B2EC-4EA1-A143-25083018E5BD}.Release|Any CPU.ActiveCfg = Release|Any CPU
		{756A1B8E-B2EC-4EA1-A143-25083018E5BD}.Release|Any CPU.Build.0 = Release|Any CPU
		{29DBB635-1319-4E50-BA83-5397C61D9924}.Debug|Any CPU.ActiveCfg = Debug|Any CPU
		{29DBB635-1319-4E50-BA83-5397C61D9924}.Debug|Any CPU.Build.0 = Debug|Any CPU
		{29DBB635-1319-4E50-BA83-5397C61D9924}.Local|Any CPU.ActiveCfg = Debug|Any CPU
		{29DBB635-1319-4E50-BA83-5397C61D9924}.Local|Any CPU.Build.0 = Debug|Any CPU
		{29DBB635-1319-4E50-BA83-5397C61D9924}.Release|Any CPU.ActiveCfg = Release|Any CPU
		{29DBB635-1319-4E50-BA83-5397C61D9924}.Release|Any CPU.Build.0 = Release|Any CPU
		{3F92E0E9-511D-468A-BDA2-E4BC62F8001F}.Debug|Any CPU.ActiveCfg = Debug|Any CPU
		{3F92E0E9-511D-468A-BDA2-E4BC62F8001F}.Debug|Any CPU.Build.0 = Debug|Any CPU
		{3F92E0E9-511D-468A-BDA2-E4BC62F8001F}.Local|Any CPU.ActiveCfg = Debug|Any CPU
		{3F92E0E9-511D-468A-BDA2-E4BC62F8001F}.Local|Any CPU.Build.0 = Debug|Any CPU
		{3F92E0E9-511D-468A-BDA2-E4BC62F8001F}.Release|Any CPU.ActiveCfg = Release|Any CPU
		{3F92E0E9-511D-468A-BDA2-E4BC62F8001F}.Release|Any CPU.Build.0 = Release|Any CPU
		{9E0B26C2-D41B-482D-A886-1C7320DB2DA1}.Debug|Any CPU.ActiveCfg = Debug|Any CPU
		{9E0B26C2-D41B-482D-A886-1C7320DB2DA1}.Debug|Any CPU.Build.0 = Debug|Any CPU
		{9E0B26C2-D41B-482D-A886-1C7320DB2DA1}.Local|Any CPU.ActiveCfg = Local|Any CPU
		{9E0B26C2-D41B-482D-A886-1C7320DB2DA1}.Local|Any CPU.Build.0 = Local|Any CPU
		{9E0B26C2-D41B-482D-A886-1C7320DB2DA1}.Release|Any CPU.ActiveCfg = Release|Any CPU
		{9E0B26C2-D41B-482D-A886-1C7320DB2DA1}.Release|Any CPU.Build.0 = Release|Any CPU
		{9967B360-333F-4E8E-9566-B9CA15C6B13B}.Debug|Any CPU.ActiveCfg = Debug|Any CPU
		{9967B360-333F-4E8E-9566-B9CA15C6B13B}.Debug|Any CPU.Build.0 = Debug|Any CPU
		{9967B360-333F-4E8E-9566-B9CA15C6B13B}.Local|Any CPU.ActiveCfg = Local|Any CPU
		{9967B360-333F-4E8E-9566-B9CA15C6B13B}.Local|Any CPU.Build.0 = Local|Any CPU
		{9967B360-333F-4E8E-9566-B9CA15C6B13B}.Release|Any CPU.ActiveCfg = Release|Any CPU
		{9967B360-333F-4E8E-9566-B9CA15C6B13B}.Release|Any CPU.Build.0 = Release|Any CPU
		{1B5E7763-27D5-46A4-B85F-CDAC5318BEEB}.Debug|Any CPU.ActiveCfg = Local|Any CPU
		{1B5E7763-27D5-46A4-B85F-CDAC5318BEEB}.Debug|Any CPU.Build.0 = Local|Any CPU
		{1B5E7763-27D5-46A4-B85F-CDAC5318BEEB}.Local|Any CPU.ActiveCfg = Local|Any CPU
		{1B5E7763-27D5-46A4-B85F-CDAC5318BEEB}.Local|Any CPU.Build.0 = Local|Any CPU
		{1B5E7763-27D5-46A4-B85F-CDAC5318BEEB}.Release|Any CPU.ActiveCfg = Release|Any CPU
		{1B5E7763-27D5-46A4-B85F-CDAC5318BEEB}.Release|Any CPU.Build.0 = Release|Any CPU
		{8ECDC25F-4E01-480A-8D8F-72FB397E61B8}.Debug|Any CPU.ActiveCfg = Debug|Any CPU
		{8ECDC25F-4E01-480A-8D8F-72FB397E61B8}.Debug|Any CPU.Build.0 = Debug|Any CPU
		{8ECDC25F-4E01-480A-8D8F-72FB397E61B8}.Local|Any CPU.ActiveCfg = Debug|Any CPU
		{8ECDC25F-4E01-480A-8D8F-72FB397E61B8}.Local|Any CPU.Build.0 = Debug|Any CPU
		{8ECDC25F-4E01-480A-8D8F-72FB397E61B8}.Release|Any CPU.ActiveCfg = Release|Any CPU
		{8ECDC25F-4E01-480A-8D8F-72FB397E61B8}.Release|Any CPU.Build.0 = Release|Any CPU
		{50173A83-1B95-4F0A-A4B6-73B9A57FAD75}.Debug|Any CPU.ActiveCfg = Debug|Any CPU
		{50173A83-1B95-4F0A-A4B6-73B9A57FAD75}.Debug|Any CPU.Build.0 = Debug|Any CPU
		{50173A83-1B95-4F0A-A4B6-73B9A57FAD75}.Local|Any CPU.ActiveCfg = Local|Any CPU
		{50173A83-1B95-4F0A-A4B6-73B9A57FAD75}.Local|Any CPU.Build.0 = Local|Any CPU
		{50173A83-1B95-4F0A-A4B6-73B9A57FAD75}.Release|Any CPU.ActiveCfg = Release|Any CPU
		{50173A83-1B95-4F0A-A4B6-73B9A57FAD75}.Release|Any CPU.Build.0 = Release|Any CPU
	EndGlobalSection
	GlobalSection(SolutionProperties) = preSolution
		HideSolutionNode = FALSE
	EndGlobalSection
	GlobalSection(NestedProjects) = preSolution
		{1B9AE975-2CF7-4E81-ACF3-FE6821EBFBC2} = {D17B3CB5-58D2-40E4-969E-DF8A2FD94E62}
		{F62B2987-987E-408B-A82B-B6A14C866EFE} = {D17B3CB5-58D2-40E4-969E-DF8A2FD94E62}
	EndGlobalSection
	GlobalSection(ExtensibilityGlobals) = postSolution
		SolutionGuid = {73F412F2-9DF7-4CC1-B62E-E8EF93D3AAD7}
	EndGlobalSection
EndGlobal
