
Microsoft Visual Studio Solution File, Format Version 12.00
# Visual Studio Version 17
VisualStudioVersion = 17.1.32210.238
MinimumVisualStudioVersion = 10.0.40219.1
Project("{00D1A9C2-B5F0-4AF3-8072-F6C62B433612}") = "AAPS.L10nPortal.Database.Schema", "AAPS.L10nPortal.Database.Schema\AAPS.L10nPortal.Database.Schema.sqlproj", "{1B9AE975-2CF7-4E81-ACF3-FE6821EBFBC2}"
EndProject
Project("{2150E333-8FDC-42A3-9474-1A3956D46DE8}") = "Database", "Database", "{D17B3CB5-58D2-40E4-969E-DF8A2FD94E62}"
EndProject
Project("{9A19103F-16F7-4668-BE54-9A1E7A4F7556}") = "AAPS.L10nPortal.Web", "AAPS.L10nPortal.Web\AAPS.L10nPortal.Web.csproj", "{C1C67E03-56AE-45CB-B673-8991C09CC8D8}"
EndProject
Project("{9A19103F-16F7-4668-BE54-9A1E7A4F7556}") = "AAPS.L10nPortal.Bal", "AAPS.L10nPortal.Bal\AAPS.L10nPortal.Bal.csproj", "{2BE2996F-6EF3-4450-9742-45CCB8231660}"
EndProject
Project("{9A19103F-16F7-4668-BE54-9A1E7A4F7556}") = "AAPS.L10NPortal.Common", "AAPS.L10NPortal.Common\AAPS.L10NPortal.Common.csproj", "{FB16D15E-E81F-4754-9B82-3B505439904E}"
EndProject
Project("{9A19103F-16F7-4668-BE54-9A1E7A4F7556}") = "AAPS.L10nPortal.Entities", "AAPS.L10nPortal.Entities\AAPS.L10nPortal.Entities.csproj", "{C2C6917C-1EB8-43CB-9EC9-94A59A199048}"
EndProject
Project("{9A19103F-16F7-4668-BE54-9A1E7A4F7556}") = "AAPS.L10nPortal.Contracts", "AAPS.L10nPortal.Contracts\AAPS.L10nPortal.Contracts.csproj", "{285A1F77-8982-4C8B-B8AB-51AB6FDD0D2F}"
EndProject
Project("{9A19103F-16F7-4668-BE54-9A1E7A4F7556}") = "AAPS.L10nPortal.Dal", "AAPS.L10nPortal.Dal\AAPS.L10nPortal.Dal.csproj", "{97BFD685-6297-43E0-BAC7-405E805B8323}"
EndProject
Project("{9A19103F-16F7-4668-BE54-9A1E7A4F7556}") = "AAPS.L10nPortal.Secrets", "AAPS.L10nPortal.Secrets\AAPS.L10nPortal.Secrets.csproj", "{A4FC25C0-7584-4DFB-AB41-EC2AEC5A119C}"
EndProject
Project("{9A19103F-16F7-4668-BE54-9A1E7A4F7556}") = "AAPS.L10nPortal.Batch", "AAPS.L10nPortal.Batch\AAPS.L10nPortal.Batch.csproj", "{6CD52D90-7ACD-4FB9-9B5E-598FA92FC8AC}"
EndProject
Global
	GlobalSection(SolutionConfigurationPlatforms) = preSolution
		Debug|Any CPU = Debug|Any CPU
		Local|Any CPU = Local|Any CPU
		Release|Any CPU = Release|Any CPU
	EndGlobalSection
	GlobalSection(ProjectConfigurationPlatforms) = postSolution
		{1B9AE975-2CF7-4E81-ACF3-FE6821EBFBC2}.Debug|Any CPU.ActiveCfg = Debug|Any CPU
		{1B9AE975-2CF7-4E81-ACF3-FE6821EBFBC2}.Debug|Any CPU.Build.0 = Debug|Any CPU
		{1B9AE975-2CF7-4E81-ACF3-FE6821EBFBC2}.Debug|Any CPU.Deploy.0 = Debug|Any CPU
		{1B9AE975-2CF7-4E81-ACF3-FE6821EBFBC2}.Local|Any CPU.ActiveCfg = Debug|Any CPU
		{1B9AE975-2CF7-4E81-ACF3-FE6821EBFBC2}.Local|Any CPU.Build.0 = Debug|Any CPU
		{1B9AE975-2CF7-4E81-ACF3-FE6821EBFBC2}.Local|Any CPU.Deploy.0 = Debug|Any CPU
		{1B9AE975-2CF7-4E81-ACF3-FE6821EBFBC2}.Release|Any CPU.ActiveCfg = Debug|Any CPU
		{1B9AE975-2CF7-4E81-ACF3-FE6821EBFBC2}.Release|Any CPU.Build.0 = Debug|Any CPU
		{1B9AE975-2CF7-4E81-ACF3-FE6821EBFBC2}.Release|Any CPU.Deploy.0 = Debug|Any CPU
		{C1C67E03-56AE-45CB-B673-8991C09CC8D8}.Debug|Any CPU.ActiveCfg = Debug|Any CPU
		{C1C67E03-56AE-45CB-B673-8991C09CC8D8}.Debug|Any CPU.Build.0 = Debug|Any CPU
		{C1C67E03-56AE-45CB-B673-8991C09CC8D8}.Local|Any CPU.ActiveCfg = Local|Any CPU
		{C1C67E03-56AE-45CB-B673-8991C09CC8D8}.Local|Any CPU.Build.0 = Local|Any CPU
		{C1C67E03-56AE-45CB-B673-8991C09CC8D8}.Release|Any CPU.ActiveCfg = Release|Any CPU
		{C1C67E03-56AE-45CB-B673-8991C09CC8D8}.Release|Any CPU.Build.0 = Release|Any CPU
		{2BE2996F-6EF3-4450-9742-45CCB8231660}.Debug|Any CPU.ActiveCfg = Debug|Any CPU
		{2BE2996F-6EF3-4450-9742-45CCB8231660}.Debug|Any CPU.Build.0 = Debug|Any CPU
		{2BE2996F-6EF3-4450-9742-45CCB8231660}.Local|Any CPU.ActiveCfg = Local|Any CPU
		{2BE2996F-6EF3-4450-9742-45CCB8231660}.Local|Any CPU.Build.0 = Local|Any CPU
		{2BE2996F-6EF3-4450-9742-45CCB8231660}.Release|Any CPU.ActiveCfg = Release|Any CPU
		{2BE2996F-6EF3-4450-9742-45CCB8231660}.Release|Any CPU.Build.0 = Release|Any CPU
		{FB16D15E-E81F-4754-9B82-3B505439904E}.Debug|Any CPU.ActiveCfg = Debug|Any CPU
		{FB16D15E-E81F-4754-9B82-3B505439904E}.Debug|Any CPU.Build.0 = Debug|Any CPU
		{FB16D15E-E81F-4754-9B82-3B505439904E}.Local|Any CPU.ActiveCfg = Debug|Any CPU
		{FB16D15E-E81F-4754-9B82-3B505439904E}.Local|Any CPU.Build.0 = Debug|Any CPU
		{FB16D15E-E81F-4754-9B82-3B505439904E}.Release|Any CPU.ActiveCfg = Release|Any CPU
		{FB16D15E-E81F-4754-9B82-3B505439904E}.Release|Any CPU.Build.0 = Release|Any CPU
		{C2C6917C-1EB8-43CB-9EC9-94A59A199048}.Debug|Any CPU.ActiveCfg = Debug|Any CPU
		{C2C6917C-1EB8-43CB-9EC9-94A59A199048}.Debug|Any CPU.Build.0 = Debug|Any CPU
		{C2C6917C-1EB8-43CB-9EC9-94A59A199048}.Local|Any CPU.ActiveCfg = Debug|Any CPU
		{C2C6917C-1EB8-43CB-9EC9-94A59A199048}.Local|Any CPU.Build.0 = Debug|Any CPU
		{C2C6917C-1EB8-43CB-9EC9-94A59A199048}.Release|Any CPU.ActiveCfg = Release|Any CPU
		{C2C6917C-1EB8-43CB-9EC9-94A59A199048}.Release|Any CPU.Build.0 = Release|Any CPU
		{285A1F77-8982-4C8B-B8AB-51AB6FDD0D2F}.Debug|Any CPU.ActiveCfg = Debug|Any CPU
		{285A1F77-8982-4C8B-B8AB-51AB6FDD0D2F}.Debug|Any CPU.Build.0 = Debug|Any CPU
		{285A1F77-8982-4C8B-B8AB-51AB6FDD0D2F}.Local|Any CPU.ActiveCfg = Debug|Any CPU
		{285A1F77-8982-4C8B-B8AB-51AB6FDD0D2F}.Local|Any CPU.Build.0 = Debug|Any CPU
		{285A1F77-8982-4C8B-B8AB-51AB6FDD0D2F}.Release|Any CPU.ActiveCfg = Release|Any CPU
		{285A1F77-8982-4C8B-B8AB-51AB6FDD0D2F}.Release|Any CPU.Build.0 = Release|Any CPU
		{97BFD685-6297-43E0-BAC7-405E805B8323}.Debug|Any CPU.ActiveCfg = Debug|Any CPU
		{97BFD685-6297-43E0-BAC7-405E805B8323}.Debug|Any CPU.Build.0 = Debug|Any CPU
		{97BFD685-6297-43E0-BAC7-405E805B8323}.Local|Any CPU.ActiveCfg = Debug|Any CPU
		{97BFD685-6297-43E0-BAC7-405E805B8323}.Local|Any CPU.Build.0 = Debug|Any CPU
		{97BFD685-6297-43E0-BAC7-405E805B8323}.Release|Any CPU.ActiveCfg = Release|Any CPU
		{97BFD685-6297-43E0-BAC7-405E805B8323}.Release|Any CPU.Build.0 = Release|Any CPU
		{A4FC25C0-7584-4DFB-AB41-EC2AEC5A119C}.Debug|Any CPU.ActiveCfg = Debug|Any CPU
		{A4FC25C0-7584-4DFB-AB41-EC2AEC5A119C}.Debug|Any CPU.Build.0 = Debug|Any CPU
		{A4FC25C0-7584-4DFB-AB41-EC2AEC5A119C}.Local|Any CPU.ActiveCfg = Debug|Any CPU
		{A4FC25C0-7584-4DFB-AB41-EC2AEC5A119C}.Local|Any CPU.Build.0 = Debug|Any CPU
		{A4FC25C0-7584-4DFB-AB41-EC2AEC5A119C}.Release|Any CPU.ActiveCfg = Release|Any CPU
		{A4FC25C0-7584-4DFB-AB41-EC2AEC5A119C}.Release|Any CPU.Build.0 = Release|Any CPU
		{6CD52D90-7ACD-4FB9-9B5E-598FA92FC8AC}.Debug|Any CPU.ActiveCfg = Debug|Any CPU
		{6CD52D90-7ACD-4FB9-9B5E-598FA92FC8AC}.Debug|Any CPU.Build.0 = Debug|Any CPU
		{6CD52D90-7ACD-4FB9-9B5E-598FA92FC8AC}.Local|Any CPU.ActiveCfg = Debug|Any CPU
		{6CD52D90-7ACD-4FB9-9B5E-598FA92FC8AC}.Local|Any CPU.Build.0 = Debug|Any CPU
		{6CD52D90-7ACD-4FB9-9B5E-598FA92FC8AC}.Release|Any CPU.ActiveCfg = Release|Any CPU
		{6CD52D90-7ACD-4FB9-9B5E-598FA92FC8AC}.Release|Any CPU.Build.0 = Release|Any CPU
	EndGlobalSection
	GlobalSection(SolutionProperties) = preSolution
		HideSolutionNode = FALSE
	EndGlobalSection
	GlobalSection(NestedProjects) = preSolution
		{1B9AE975-2CF7-4E81-ACF3-FE6821EBFBC2} = {D17B3CB5-58D2-40E4-969E-DF8A2FD94E62}
	EndGlobalSection
	GlobalSection(ExtensibilityGlobals) = postSolution
		SolutionGuid = {73F412F2-9DF7-4CC1-B62E-E8EF93D3AAD7}
	EndGlobalSection
EndGlobal
